Microsoft Visual Studio Solution File, Format Version 12.00
# Visual Studio Version 17
VisualStudioVersion = 17.5.2.0
MinimumVisualStudioVersion = 10.0.40219.1
Project("{FAE04EC0-301F-11D3-BF4B-00C04F79EFBC}") = "Mobilis-Real-Time-Assistant", "Mobilis-Real-Time-Assistant.csproj", "{FA8F56E7-01AC-E0B4-27B7-BE56895A56BF}"
EndProject
Global
	GlobalSection(SolutionConfigurationPlatforms) = preSolution
		Debug|Any CPU = Debug|Any CPU
		Release|Any CPU = Release|Any CPU
	EndGlobalSection
	GlobalSection(ProjectConfigurationPlatforms) = postSolution
		{FA8F56E7-01AC-E0B4-27B7-BE56895A56BF}.Debug|Any CPU.ActiveCfg = Debug|Any CPU
		{FA8F56E7-01AC-E0B4-27B7-BE56895A56BF}.Debug|Any CPU.Build.0 = Debug|Any CPU
		{FA8F56E7-01AC-E0B4-27B7-BE56895A56BF}.Release|Any CPU.ActiveCfg = Release|Any CPU
		{FA8F56E7-01AC-E0B4-27B7-BE56895A56BF}.Release|Any CPU.Build.0 = Release|Any CPU
	EndGlobalSection
	GlobalSection(SolutionProperties) = preSolution
		HideSolutionNode = FALSE
	EndGlobalSection
	GlobalSection(ExtensibilityGlobals) = postSolution
		SolutionGuid = {0B7BDF80-8FDD-43C3-BDBF-1F8DBE207488}
	EndGlobalSection
EndGlobal
